// !$*UTF8*$!
{
	archiveVersion = 1;
	classes = {
	};
	objectVersion = 46;
	objects = {

/* Begin PBXBuildFile section */
		39149AD11E401FBC0064D0BD /* RegionFetcherTests.swift in Sources */ = {isa = PBXBuildFile; fileRef = 39149AD01E401FBC0064D0BD /* RegionFetcherTests.swift */; };
		39149AD31E4023A50064D0BD /* RegionMapperTests.swift in Sources */ = {isa = PBXBuildFile; fileRef = 39149AD21E4023A50064D0BD /* RegionMapperTests.swift */; };
		39C14F121E3940DF009CE1A0 /* AppDelegate.swift in Sources */ = {isa = PBXBuildFile; fileRef = 39C14F111E3940DF009CE1A0 /* AppDelegate.swift */; };
		39C14F191E3940DF009CE1A0 /* Assets.xcassets in Resources */ = {isa = PBXBuildFile; fileRef = 39C14F181E3940DF009CE1A0 /* Assets.xcassets */; };
		39C14F1C1E3940DF009CE1A0 /* LaunchScreen.storyboard in Resources */ = {isa = PBXBuildFile; fileRef = 39C14F1A1E3940DF009CE1A0 /* LaunchScreen.storyboard */; };
		39C14F271E3940DF009CE1A0 /* AppDelegateTests.swift in Sources */ = {isa = PBXBuildFile; fileRef = 39C14F261E3940DF009CE1A0 /* AppDelegateTests.swift */; };
		39C14F321E394B40009CE1A0 /* BaseViewController.swift in Sources */ = {isa = PBXBuildFile; fileRef = 39C14F311E394B40009CE1A0 /* BaseViewController.swift */; };
		39C14F341E394B4A009CE1A0 /* BaseView.xib in Resources */ = {isa = PBXBuildFile; fileRef = 39C14F331E394B4A009CE1A0 /* BaseView.xib */; };
		39C14F361E395C84009CE1A0 /* Region.swift in Sources */ = {isa = PBXBuildFile; fileRef = 39C14F351E395C84009CE1A0 /* Region.swift */; };
		39C14F381E396688009CE1A0 /* RegionFetcher.swift in Sources */ = {isa = PBXBuildFile; fileRef = 39C14F371E396688009CE1A0 /* RegionFetcher.swift */; };
		39C14F3A1E3DA764009CE1A0 /* RegionTests.swift in Sources */ = {isa = PBXBuildFile; fileRef = 39C14F391E3DA764009CE1A0 /* RegionTests.swift */; };
		5340095F986FD22204603CF7 /* Pods_Iterable_Challenge.framework in Frameworks */ = {isa = PBXBuildFile; fileRef = BA146F356D545F1D564734CC /* Pods_Iterable_Challenge.framework */; };
		76B161DBC90222087F09823A /* Pods_Iterable_ChallengeTests.framework in Frameworks */ = {isa = PBXBuildFile; fileRef = E84BFCCD3DA4002F9787D085 /* Pods_Iterable_ChallengeTests.framework */; };
/* End PBXBuildFile section */

/* Begin PBXContainerItemProxy section */
		39C14F231E3940DF009CE1A0 /* PBXContainerItemProxy */ = {
			isa = PBXContainerItemProxy;
			containerPortal = 39C14F061E3940DF009CE1A0 /* Project object */;
			proxyType = 1;
			remoteGlobalIDString = 39C14F0D1E3940DF009CE1A0;
			remoteInfo = "Iterable-Challenge";
		};
/* End PBXContainerItemProxy section */

/* Begin PBXFileReference section */
		21BD951981E360E8FF8D1186 /* Pods-Iterable-ChallengeTests.debug.xcconfig */ = {isa = PBXFileReference; includeInIndex = 1; lastKnownFileType = text.xcconfig; name = "Pods-Iterable-ChallengeTests.debug.xcconfig"; path = "Pods/Target Support Files/Pods-Iterable-ChallengeTests/Pods-Iterable-ChallengeTests.debug.xcconfig"; sourceTree = "<group>"; };
		21DE693EF451E04980291A16 /* Pods-Iterable-ChallengeTests.release.xcconfig */ = {isa = PBXFileReference; includeInIndex = 1; lastKnownFileType = text.xcconfig; name = "Pods-Iterable-ChallengeTests.release.xcconfig"; path = "Pods/Target Support Files/Pods-Iterable-ChallengeTests/Pods-Iterable-ChallengeTests.release.xcconfig"; sourceTree = "<group>"; };
		39149AD01E401FBC0064D0BD /* RegionFetcherTests.swift */ = {isa = PBXFileReference; fileEncoding = 4; lastKnownFileType = sourcecode.swift; path = RegionFetcherTests.swift; sourceTree = "<group>"; };
		39149AD21E4023A50064D0BD /* RegionMapperTests.swift */ = {isa = PBXFileReference; fileEncoding = 4; lastKnownFileType = sourcecode.swift; path = RegionMapperTests.swift; sourceTree = "<group>"; };
		39C14F0E1E3940DF009CE1A0 /* Iterable-Challenge.app */ = {isa = PBXFileReference; explicitFileType = wrapper.application; includeInIndex = 0; path = "Iterable-Challenge.app"; sourceTree = BUILT_PRODUCTS_DIR; };
		39C14F111E3940DF009CE1A0 /* AppDelegate.swift */ = {isa = PBXFileReference; lastKnownFileType = sourcecode.swift; path = AppDelegate.swift; sourceTree = "<group>"; };
		39C14F181E3940DF009CE1A0 /* Assets.xcassets */ = {isa = PBXFileReference; lastKnownFileType = folder.assetcatalog; path = Assets.xcassets; sourceTree = "<group>"; };
		39C14F1B1E3940DF009CE1A0 /* Base */ = {isa = PBXFileReference; lastKnownFileType = file.storyboard; name = Base; path = Base.lproj/LaunchScreen.storyboard; sourceTree = "<group>"; };
		39C14F1D1E3940DF009CE1A0 /* Info.plist */ = {isa = PBXFileReference; lastKnownFileType = text.plist.xml; path = Info.plist; sourceTree = "<group>"; };
		39C14F221E3940DF009CE1A0 /* Iterable-ChallengeTests.xctest */ = {isa = PBXFileReference; explicitFileType = wrapper.cfbundle; includeInIndex = 0; path = "Iterable-ChallengeTests.xctest"; sourceTree = BUILT_PRODUCTS_DIR; };
		39C14F261E3940DF009CE1A0 /* AppDelegateTests.swift */ = {isa = PBXFileReference; lastKnownFileType = sourcecode.swift; path = AppDelegateTests.swift; sourceTree = "<group>"; };
		39C14F281E3940DF009CE1A0 /* Info.plist */ = {isa = PBXFileReference; lastKnownFileType = text.plist.xml; path = Info.plist; sourceTree = "<group>"; };
		39C14F311E394B40009CE1A0 /* BaseViewController.swift */ = {isa = PBXFileReference; fileEncoding = 4; lastKnownFileType = sourcecode.swift; path = BaseViewController.swift; sourceTree = "<group>"; };
		39C14F331E394B4A009CE1A0 /* BaseView.xib */ = {isa = PBXFileReference; fileEncoding = 4; lastKnownFileType = file.xib; path = BaseView.xib; sourceTree = "<group>"; };
		39C14F351E395C84009CE1A0 /* Region.swift */ = {isa = PBXFileReference; fileEncoding = 4; lastKnownFileType = sourcecode.swift; path = Region.swift; sourceTree = "<group>"; };
		39C14F371E396688009CE1A0 /* RegionFetcher.swift */ = {isa = PBXFileReference; fileEncoding = 4; lastKnownFileType = sourcecode.swift; path = RegionFetcher.swift; sourceTree = "<group>"; };
		39C14F391E3DA764009CE1A0 /* RegionTests.swift */ = {isa = PBXFileReference; fileEncoding = 4; lastKnownFileType = sourcecode.swift; path = RegionTests.swift; sourceTree = "<group>"; };
		78987E1A6CE077F92271B635 /* Pods-Iterable-Challenge.release.xcconfig */ = {isa = PBXFileReference; includeInIndex = 1; lastKnownFileType = text.xcconfig; name = "Pods-Iterable-Challenge.release.xcconfig"; path = "Pods/Target Support Files/Pods-Iterable-Challenge/Pods-Iterable-Challenge.release.xcconfig"; sourceTree = "<group>"; };
		BA146F356D545F1D564734CC /* Pods_Iterable_Challenge.framework */ = {isa = PBXFileReference; explicitFileType = wrapper.framework; includeInIndex = 0; path = Pods_Iterable_Challenge.framework; sourceTree = BUILT_PRODUCTS_DIR; };
		E1C37B40541C7B5E7A8E75EB /* Pods-Iterable-Challenge.debug.xcconfig */ = {isa = PBXFileReference; includeInIndex = 1; lastKnownFileType = text.xcconfig; name = "Pods-Iterable-Challenge.debug.xcconfig"; path = "Pods/Target Support Files/Pods-Iterable-Challenge/Pods-Iterable-Challenge.debug.xcconfig"; sourceTree = "<group>"; };
		E84BFCCD3DA4002F9787D085 /* Pods_Iterable_ChallengeTests.framework */ = {isa = PBXFileReference; explicitFileType = wrapper.framework; includeInIndex = 0; path = Pods_Iterable_ChallengeTests.framework; sourceTree = BUILT_PRODUCTS_DIR; };
/* End PBXFileReference section */

/* Begin PBXFrameworksBuildPhase section */
		39C14F0B1E3940DF009CE1A0 /* Frameworks */ = {
			isa = PBXFrameworksBuildPhase;
			buildActionMask = 2147483647;
			files = (
				5340095F986FD22204603CF7 /* Pods_Iterable_Challenge.framework in Frameworks */,
			);
			runOnlyForDeploymentPostprocessing = 0;
		};
		39C14F1F1E3940DF009CE1A0 /* Frameworks */ = {
			isa = PBXFrameworksBuildPhase;
			buildActionMask = 2147483647;
			files = (
				76B161DBC90222087F09823A /* Pods_Iterable_ChallengeTests.framework in Frameworks */,
			);
			runOnlyForDeploymentPostprocessing = 0;
		};
/* End PBXFrameworksBuildPhase section */

/* Begin PBXGroup section */
		226F995A2A2C0D9A67FC7D85 /* Frameworks */ = {
			isa = PBXGroup;
			children = (
				BA146F356D545F1D564734CC /* Pods_Iterable_Challenge.framework */,
				E84BFCCD3DA4002F9787D085 /* Pods_Iterable_ChallengeTests.framework */,
			);
			name = Frameworks;
			sourceTree = "<group>";
		};
		39C14F051E3940DF009CE1A0 = {
			isa = PBXGroup;
			children = (
				39C14F101E3940DF009CE1A0 /* Iterable-Challenge */,
				39C14F251E3940DF009CE1A0 /* Iterable-ChallengeTests */,
				39C14F0F1E3940DF009CE1A0 /* Products */,
				7AE1B07A4F7D3CC26B0DA775 /* Pods */,
				226F995A2A2C0D9A67FC7D85 /* Frameworks */,
			);
			sourceTree = "<group>";
		};
		39C14F0F1E3940DF009CE1A0 /* Products */ = {
			isa = PBXGroup;
			children = (
				39C14F0E1E3940DF009CE1A0 /* Iterable-Challenge.app */,
				39C14F221E3940DF009CE1A0 /* Iterable-ChallengeTests.xctest */,
			);
			name = Products;
			sourceTree = "<group>";
		};
		39C14F101E3940DF009CE1A0 /* Iterable-Challenge */ = {
			isa = PBXGroup;
			children = (
				39C14F111E3940DF009CE1A0 /* AppDelegate.swift */,
				39C14F181E3940DF009CE1A0 /* Assets.xcassets */,
				39C14F1A1E3940DF009CE1A0 /* LaunchScreen.storyboard */,
				39C14F1D1E3940DF009CE1A0 /* Info.plist */,
				39C14F311E394B40009CE1A0 /* BaseViewController.swift */,
				39C14F331E394B4A009CE1A0 /* BaseView.xib */,
				39C14F351E395C84009CE1A0 /* Region.swift */,
				39C14F371E396688009CE1A0 /* RegionFetcher.swift */,
			);
			path = "Iterable-Challenge";
			sourceTree = "<group>";
		};
		39C14F251E3940DF009CE1A0 /* Iterable-ChallengeTests */ = {
			isa = PBXGroup;
			children = (
				39C14F261E3940DF009CE1A0 /* AppDelegateTests.swift */,
				39C14F391E3DA764009CE1A0 /* RegionTests.swift */,
				39149AD01E401FBC0064D0BD /* RegionFetcherTests.swift */,
				39C14F281E3940DF009CE1A0 /* Info.plist */,
				39149AD21E4023A50064D0BD /* RegionMapperTests.swift */,
			);
			path = "Iterable-ChallengeTests";
			sourceTree = "<group>";
		};
		7AE1B07A4F7D3CC26B0DA775 /* Pods */ = {
			isa = PBXGroup;
			children = (
				E1C37B40541C7B5E7A8E75EB /* Pods-Iterable-Challenge.debug.xcconfig */,
				78987E1A6CE077F92271B635 /* Pods-Iterable-Challenge.release.xcconfig */,
				21BD951981E360E8FF8D1186 /* Pods-Iterable-ChallengeTests.debug.xcconfig */,
				21DE693EF451E04980291A16 /* Pods-Iterable-ChallengeTests.release.xcconfig */,
			);
			name = Pods;
			sourceTree = "<group>";
		};
/* End PBXGroup section */

/* Begin PBXNativeTarget section */
		39C14F0D1E3940DF009CE1A0 /* Iterable-Challenge */ = {
			isa = PBXNativeTarget;
			buildConfigurationList = 39C14F2B1E3940DF009CE1A0 /* Build configuration list for PBXNativeTarget "Iterable-Challenge" */;
			buildPhases = (
				FEE8B60FF4B2CB1287F9B85B /* [CP] Check Pods Manifest.lock */,
				39C14F0A1E3940DF009CE1A0 /* Sources */,
				39C14F0B1E3940DF009CE1A0 /* Frameworks */,
				39C14F0C1E3940DF009CE1A0 /* Resources */,
				F23802FBA068177134F344CF /* [CP] Embed Pods Frameworks */,
				CD29EA015F964E7E9BFF0150 /* [CP] Copy Pods Resources */,
			);
			buildRules = (
			);
			dependencies = (
			);
			name = "Iterable-Challenge";
			productName = "Iterable-Challenge";
			productReference = 39C14F0E1E3940DF009CE1A0 /* Iterable-Challenge.app */;
			productType = "com.apple.product-type.application";
		};
		39C14F211E3940DF009CE1A0 /* Iterable-ChallengeTests */ = {
			isa = PBXNativeTarget;
			buildConfigurationList = 39C14F2E1E3940DF009CE1A0 /* Build configuration list for PBXNativeTarget "Iterable-ChallengeTests" */;
			buildPhases = (
				7A15EF3C5222FE99053ECFC6 /* [CP] Check Pods Manifest.lock */,
				39C14F1E1E3940DF009CE1A0 /* Sources */,
				39C14F1F1E3940DF009CE1A0 /* Frameworks */,
				39C14F201E3940DF009CE1A0 /* Resources */,
				A58EACBABD9E24BE51B2E4B9 /* [CP] Embed Pods Frameworks */,
				51235E0B9BC0ACDDBF526089 /* [CP] Copy Pods Resources */,
			);
			buildRules = (
			);
			dependencies = (
				39C14F241E3940DF009CE1A0 /* PBXTargetDependency */,
			);
			name = "Iterable-ChallengeTests";
			productName = "Iterable-ChallengeTests";
			productReference = 39C14F221E3940DF009CE1A0 /* Iterable-ChallengeTests.xctest */;
			productType = "com.apple.product-type.bundle.unit-test";
		};
/* End PBXNativeTarget section */

/* Begin PBXProject section */
		39C14F061E3940DF009CE1A0 /* Project object */ = {
			isa = PBXProject;
			attributes = {
				LastSwiftUpdateCheck = 0820;
				LastUpgradeCheck = 0820;
				ORGANIZATIONNAME = "Alex King";
				TargetAttributes = {
					39C14F0D1E3940DF009CE1A0 = {
						CreatedOnToolsVersion = 8.2.1;
						DevelopmentTeam = T36GJ569RT;
						ProvisioningStyle = Automatic;
					};
					39C14F211E3940DF009CE1A0 = {
						CreatedOnToolsVersion = 8.2.1;
						ProvisioningStyle = Automatic;
						TestTargetID = 39C14F0D1E3940DF009CE1A0;
					};
				};
			};
			buildConfigurationList = 39C14F091E3940DF009CE1A0 /* Build configuration list for PBXProject "Iterable-Challenge" */;
			compatibilityVersion = "Xcode 3.2";
			developmentRegion = English;
			hasScannedForEncodings = 0;
			knownRegions = (
				en,
				Base,
			);
			mainGroup = 39C14F051E3940DF009CE1A0;
			productRefGroup = 39C14F0F1E3940DF009CE1A0 /* Products */;
			projectDirPath = "";
			projectRoot = "";
			targets = (
				39C14F0D1E3940DF009CE1A0 /* Iterable-Challenge */,
				39C14F211E3940DF009CE1A0 /* Iterable-ChallengeTests */,
			);
		};
/* End PBXProject section */

/* Begin PBXResourcesBuildPhase section */
		39C14F0C1E3940DF009CE1A0 /* Resources */ = {
			isa = PBXResourcesBuildPhase;
			buildActionMask = 2147483647;
			files = (
				39C14F341E394B4A009CE1A0 /* BaseView.xib in Resources */,
				39C14F1C1E3940DF009CE1A0 /* LaunchScreen.storyboard in Resources */,
				39C14F191E3940DF009CE1A0 /* Assets.xcassets in Resources */,
			);
			runOnlyForDeploymentPostprocessing = 0;
		};
		39C14F201E3940DF009CE1A0 /* Resources */ = {
			isa = PBXResourcesBuildPhase;
			buildActionMask = 2147483647;
			files = (
			);
			runOnlyForDeploymentPostprocessing = 0;
		};
/* End PBXResourcesBuildPhase section */

/* Begin PBXShellScriptBuildPhase section */
		51235E0B9BC0ACDDBF526089 /* [CP] Copy Pods Resources */ = {
			isa = PBXShellScriptBuildPhase;
			buildActionMask = 2147483647;
			files = (
			);
			inputPaths = (
			);
			name = "[CP] Copy Pods Resources";
			outputPaths = (
			);
			runOnlyForDeploymentPostprocessing = 0;
			shellPath = /bin/sh;
			shellScript = "\"${SRCROOT}/Pods/Target Support Files/Pods-Iterable-ChallengeTests/Pods-Iterable-ChallengeTests-resources.sh\"\n";
			showEnvVarsInLog = 0;
		};
		7A15EF3C5222FE99053ECFC6 /* [CP] Check Pods Manifest.lock */ = {
			isa = PBXShellScriptBuildPhase;
			buildActionMask = 2147483647;
			files = (
			);
			inputPaths = (
			);
			name = "[CP] Check Pods Manifest.lock";
			outputPaths = (
			);
			runOnlyForDeploymentPostprocessing = 0;
			shellPath = /bin/sh;
			shellScript = "diff \"${PODS_ROOT}/../Podfile.lock\" \"${PODS_ROOT}/Manifest.lock\" > /dev/null\nif [ $? != 0 ] ; then\n    # print error to STDERR\n    echo \"error: The sandbox is not in sync with the Podfile.lock. Run 'pod install' or update your CocoaPods installation.\" >&2\n    exit 1\nfi\n";
			showEnvVarsInLog = 0;
		};
		A58EACBABD9E24BE51B2E4B9 /* [CP] Embed Pods Frameworks */ = {
			isa = PBXShellScriptBuildPhase;
			buildActionMask = 2147483647;
			files = (
			);
			inputPaths = (
			);
			name = "[CP] Embed Pods Frameworks";
			outputPaths = (
			);
			runOnlyForDeploymentPostprocessing = 0;
			shellPath = /bin/sh;
			shellScript = "\"${SRCROOT}/Pods/Target Support Files/Pods-Iterable-ChallengeTests/Pods-Iterable-ChallengeTests-frameworks.sh\"\n";
			showEnvVarsInLog = 0;
		};
		CD29EA015F964E7E9BFF0150 /* [CP] Copy Pods Resources */ = {
			isa = PBXShellScriptBuildPhase;
			buildActionMask = 2147483647;
			files = (
			);
			inputPaths = (
			);
			name = "[CP] Copy Pods Resources";
			outputPaths = (
			);
			runOnlyForDeploymentPostprocessing = 0;
			shellPath = /bin/sh;
			shellScript = "\"${SRCROOT}/Pods/Target Support Files/Pods-Iterable-Challenge/Pods-Iterable-Challenge-resources.sh\"\n";
			showEnvVarsInLog = 0;
		};
		F23802FBA068177134F344CF /* [CP] Embed Pods Frameworks */ = {
			isa = PBXShellScriptBuildPhase;
			buildActionMask = 2147483647;
			files = (
			);
			inputPaths = (
			);
			name = "[CP] Embed Pods Frameworks";
			outputPaths = (
			);
			runOnlyForDeploymentPostprocessing = 0;
			shellPath = /bin/sh;
			shellScript = "\"${SRCROOT}/Pods/Target Support Files/Pods-Iterable-Challenge/Pods-Iterable-Challenge-frameworks.sh\"\n";
			showEnvVarsInLog = 0;
		};
		FEE8B60FF4B2CB1287F9B85B /* [CP] Check Pods Manifest.lock */ = {
			isa = PBXShellScriptBuildPhase;
			buildActionMask = 2147483647;
			files = (
			);
			inputPaths = (
			);
			name = "[CP] Check Pods Manifest.lock";
			outputPaths = (
			);
			runOnlyForDeploymentPostprocessing = 0;
			shellPath = /bin/sh;
			shellScript = "diff \"${PODS_ROOT}/../Podfile.lock\" \"${PODS_ROOT}/Manifest.lock\" > /dev/null\nif [ $? != 0 ] ; then\n    # print error to STDERR\n    echo \"error: The sandbox is not in sync with the Podfile.lock. Run 'pod install' or update your CocoaPods installation.\" >&2\n    exit 1\nfi\n";
			showEnvVarsInLog = 0;
		};
/* End PBXShellScriptBuildPhase section */

/* Begin PBXSourcesBuildPhase section */
		39C14F0A1E3940DF009CE1A0 /* Sources */ = {
			isa = PBXSourcesBuildPhase;
			buildActionMask = 2147483647;
			files = (
				39C14F121E3940DF009CE1A0 /* AppDelegate.swift in Sources */,
				39C14F361E395C84009CE1A0 /* Region.swift in Sources */,
				39C14F321E394B40009CE1A0 /* BaseViewController.swift in Sources */,
				39C14F381E396688009CE1A0 /* RegionFetcher.swift in Sources */,
			);
			runOnlyForDeploymentPostprocessing = 0;
		};
		39C14F1E1E3940DF009CE1A0 /* Sources */ = {
			isa = PBXSourcesBuildPhase;
			buildActionMask = 2147483647;
			files = (
				39C14F271E3940DF009CE1A0 /* AppDelegateTests.swift in Sources */,
				39C14F3A1E3DA764009CE1A0 /* RegionTests.swift in Sources */,
				39149AD31E4023A50064D0BD /* RegionMapperTests.swift in Sources */,
				39149AD11E401FBC0064D0BD /* RegionFetcherTests.swift in Sources */,
			);
			runOnlyForDeploymentPostprocessing = 0;
		};
/* End PBXSourcesBuildPhase section */

/* Begin PBXTargetDependency section */
		39C14F241E3940DF009CE1A0 /* PBXTargetDependency */ = {
			isa = PBXTargetDependency;
			target = 39C14F0D1E3940DF009CE1A0 /* Iterable-Challenge */;
			targetProxy = 39C14F231E3940DF009CE1A0 /* PBXContainerItemProxy */;
		};
/* End PBXTargetDependency section */

/* Begin PBXVariantGroup section */
		39C14F1A1E3940DF009CE1A0 /* LaunchScreen.storyboard */ = {
			isa = PBXVariantGroup;
			children = (
				39C14F1B1E3940DF009CE1A0 /* Base */,
			);
			name = LaunchScreen.storyboard;
			sourceTree = "<group>";
		};
/* End PBXVariantGroup section */

/* Begin XCBuildConfiguration section */
		39C14F291E3940DF009CE1A0 /* Debug */ = {
			isa = XCBuildConfiguration;
			buildSettings = {
				ALWAYS_SEARCH_USER_PATHS = NO;
				CLANG_ANALYZER_NONNULL = YES;
				CLANG_CXX_LANGUAGE_STANDARD = "gnu++0x";
				CLANG_CXX_LIBRARY = "libc++";
				CLANG_ENABLE_MODULES = YES;
				CLANG_ENABLE_OBJC_ARC = YES;
				CLANG_WARN_BOOL_CONVERSION = YES;
				CLANG_WARN_CONSTANT_CONVERSION = YES;
				CLANG_WARN_DIRECT_OBJC_ISA_USAGE = YES_ERROR;
				CLANG_WARN_DOCUMENTATION_COMMENTS = YES;
				CLANG_WARN_EMPTY_BODY = YES;
				CLANG_WARN_ENUM_CONVERSION = YES;
				CLANG_WARN_INFINITE_RECURSION = YES;
				CLANG_WARN_INT_CONVERSION = YES;
				CLANG_WARN_OBJC_ROOT_CLASS = YES_ERROR;
				CLANG_WARN_SUSPICIOUS_MOVE = YES;
				CLANG_WARN_UNREACHABLE_CODE = YES;
				CLANG_WARN__DUPLICATE_METHOD_MATCH = YES;
				"CODE_SIGN_IDENTITY[sdk=iphoneos*]" = "iPhone Developer";
				COPY_PHASE_STRIP = NO;
				DEBUG_INFORMATION_FORMAT = dwarf;
				ENABLE_STRICT_OBJC_MSGSEND = YES;
				ENABLE_TESTABILITY = YES;
				GCC_C_LANGUAGE_STANDARD = gnu99;
				GCC_DYNAMIC_NO_PIC = NO;
				GCC_NO_COMMON_BLOCKS = YES;
				GCC_OPTIMIZATION_LEVEL = 0;
				GCC_PREPROCESSOR_DEFINITIONS = (
					"DEBUG=1",
					"$(inherited)",
				);
				GCC_WARN_64_TO_32_BIT_CONVERSION = YES;
				GCC_WARN_ABOUT_RETURN_TYPE = YES_ERROR;
				GCC_WARN_UNDECLARED_SELECTOR = YES;
				GCC_WARN_UNINITIALIZED_AUTOS = YES_AGGRESSIVE;
				GCC_WARN_UNUSED_FUNCTION = YES;
				GCC_WARN_UNUSED_VARIABLE = YES;
				IPHONEOS_DEPLOYMENT_TARGET = 10.2;
				MTL_ENABLE_DEBUG_INFO = YES;
				ONLY_ACTIVE_ARCH = YES;
				SDKROOT = iphoneos;
				SWIFT_ACTIVE_COMPILATION_CONDITIONS = DEBUG;
				SWIFT_OPTIMIZATION_LEVEL = "-Onone";
				TARGETED_DEVICE_FAMILY = "1,2";
			};
			name = Debug;
		};
		39C14F2A1E3940DF009CE1A0 /* Release */ = {
			isa = XCBuildConfiguration;
			buildSettings = {
				ALWAYS_SEARCH_USER_PATHS = NO;
				CLANG_ANALYZER_NONNULL = YES;
				CLANG_CXX_LANGUAGE_STANDARD = "gnu++0x";
				CLANG_CXX_LIBRARY = "libc++";
				CLANG_ENABLE_MODULES = YES;
				CLANG_ENABLE_OBJC_ARC = YES;
				CLANG_WARN_BOOL_CONVERSION = YES;
				CLANG_WARN_CONSTANT_CONVERSION = YES;
				CLANG_WARN_DIRECT_OBJC_ISA_USAGE = YES_ERROR;
				CLANG_WARN_DOCUMENTATION_COMMENTS = YES;
				CLANG_WARN_EMPTY_BODY = YES;
				CLANG_WARN_ENUM_CONVERSION = YES;
				CLANG_WARN_INFINITE_RECURSION = YES;
				CLANG_WARN_INT_CONVERSION = YES;
				CLANG_WARN_OBJC_ROOT_CLASS = YES_ERROR;
				CLANG_WARN_SUSPICIOUS_MOVE = YES;
				CLANG_WARN_UNREACHABLE_CODE = YES;
				CLANG_WARN__DUPLICATE_METHOD_MATCH = YES;
				"CODE_SIGN_IDENTITY[sdk=iphoneos*]" = "iPhone Developer";
				COPY_PHASE_STRIP = NO;
				DEBUG_INFORMATION_FORMAT = "dwarf-with-dsym";
				ENABLE_NS_ASSERTIONS = NO;
				ENABLE_STRICT_OBJC_MSGSEND = YES;
				GCC_C_LANGUAGE_STANDARD = gnu99;
				GCC_NO_COMMON_BLOCKS = YES;
				GCC_WARN_64_TO_32_BIT_CONVERSION = YES;
				GCC_WARN_ABOUT_RETURN_TYPE = YES_ERROR;
				GCC_WARN_UNDECLARED_SELECTOR = YES;
				GCC_WARN_UNINITIALIZED_AUTOS = YES_AGGRESSIVE;
				GCC_WARN_UNUSED_FUNCTION = YES;
				GCC_WARN_UNUSED_VARIABLE = YES;
				IPHONEOS_DEPLOYMENT_TARGET = 10.2;
				MTL_ENABLE_DEBUG_INFO = NO;
				SDKROOT = iphoneos;
				SWIFT_OPTIMIZATION_LEVEL = "-Owholemodule";
				TARGETED_DEVICE_FAMILY = "1,2";
				VALIDATE_PRODUCT = YES;
			};
			name = Release;
		};
		39C14F2C1E3940DF009CE1A0 /* Debug */ = {
			isa = XCBuildConfiguration;
			baseConfigurationReference = E1C37B40541C7B5E7A8E75EB /* Pods-Iterable-Challenge.debug.xcconfig */;
			buildSettings = {
				ASSETCATALOG_COMPILER_APPICON_NAME = AppIcon;
				DEVELOPMENT_TEAM = T36GJ569RT;
				INFOPLIST_FILE = "Iterable-Challenge/Info.plist";
				LD_RUNPATH_SEARCH_PATHS = "$(inherited) @executable_path/Frameworks";
				PRODUCT_BUNDLE_IDENTIFIER = "aking.Iterable-Challenge";
				PRODUCT_NAME = "$(TARGET_NAME)";
				SWIFT_VERSION = 3.0;
			};
			name = Debug;
		};
		39C14F2D1E3940DF009CE1A0 /* Release */ = {
			isa = XCBuildConfiguration;
			baseConfigurationReference = 78987E1A6CE077F92271B635 /* Pods-Iterable-Challenge.release.xcconfig */;
			buildSettings = {
				ASSETCATALOG_COMPILER_APPICON_NAME = AppIcon;
				DEVELOPMENT_TEAM = T36GJ569RT;
				INFOPLIST_FILE = "Iterable-Challenge/Info.plist";
				LD_RUNPATH_SEARCH_PATHS = "$(inherited) @executable_path/Frameworks";
				PRODUCT_BUNDLE_IDENTIFIER = "aking.Iterable-Challenge";
				PRODUCT_NAME = "$(TARGET_NAME)";
				SWIFT_VERSION = 3.0;
			};
			name = Release;
		};
		39C14F2F1E3940DF009CE1A0 /* Debug */ = {
			isa = XCBuildConfiguration;
			baseConfigurationReference = 21BD951981E360E8FF8D1186 /* Pods-Iterable-ChallengeTests.debug.xcconfig */;
			buildSettings = {
				ALWAYS_EMBED_SWIFT_STANDARD_LIBRARIES = YES;
				BUNDLE_LOADER = "$(TEST_HOST)";
				INFOPLIST_FILE = "Iterable-ChallengeTests/Info.plist";
				LD_RUNPATH_SEARCH_PATHS = "$(inherited) @executable_path/Frameworks @loader_path/Frameworks";
				PRODUCT_BUNDLE_IDENTIFIER = "aking.Iterable-ChallengeTests";
				PRODUCT_NAME = "$(TARGET_NAME)";
				SWIFT_VERSION = 3.0;
				TEST_HOST = "$(BUILT_PRODUCTS_DIR)/Iterable-Challenge.app/Iterable-Challenge";
			};
			name = Debug;
		};
		39C14F301E3940DF009CE1A0 /* Release */ = {
			isa = XCBuildConfiguration;
			baseConfigurationReference = 21DE693EF451E04980291A16 /* Pods-Iterable-ChallengeTests.release.xcconfig */;
			buildSettings = {
				ALWAYS_EMBED_SWIFT_STANDARD_LIBRARIES = YES;
				BUNDLE_LOADER = "$(TEST_HOST)";
				INFOPLIST_FILE = "Iterable-ChallengeTests/Info.plist";
				LD_RUNPATH_SEARCH_PATHS = "$(inherited) @executable_path/Frameworks @loader_path/Frameworks";
				PRODUCT_BUNDLE_IDENTIFIER = "aking.Iterable-ChallengeTests";
				PRODUCT_NAME = "$(TARGET_NAME)";
				SWIFT_VERSION = 3.0;
				TEST_HOST = "$(BUILT_PRODUCTS_DIR)/Iterable-Challenge.app/Iterable-Challenge";
			};
			name = Release;
		};
/* End XCBuildConfiguration section */

/* Begin XCConfigurationList section */
		39C14F091E3940DF009CE1A0 /* Build configuration list for PBXProject "Iterable-Challenge" */ = {
			isa = XCConfigurationList;
			buildConfigurations = (
				39C14F291E3940DF009CE1A0 /* Debug */,
				39C14F2A1E3940DF009CE1A0 /* Release */,
			);
			defaultConfigurationIsVisible = 0;
			defaultConfigurationName = Release;
		};
		39C14F2B1E3940DF009CE1A0 /* Build configuration list for PBXNativeTarget "Iterable-Challenge" */ = {
			isa = XCConfigurationList;
			buildConfigurations = (
				39C14F2C1E3940DF009CE1A0 /* Debug */,
				39C14F2D1E3940DF009CE1A0 /* Release */,
			);
			defaultConfigurationIsVisible = 0;
			defaultConfigurationName = Release;
		};
		39C14F2E1E3940DF009CE1A0 /* Build configuration list for PBXNativeTarget "Iterable-ChallengeTests" */ = {
			isa = XCConfigurationList;
			buildConfigurations = (
				39C14F2F1E3940DF009CE1A0 /* Debug */,
				39C14F301E3940DF009CE1A0 /* Release */,
			);
			defaultConfigurationIsVisible = 0;
			defaultConfigurationName = Release;
		};
/* End XCConfigurationList section */
	};
	rootObject = 39C14F061E3940DF009CE1A0 /* Project object */;
}
